// !$*UTF8*$!
{
	archiveVersion = 1;
	classes = {
	};
	objectVersion = 50;
	objects = {

/* Begin PBXBuildFile section */
		117249AB20B9CA76006AEDE2 /* AppDelegate.swift in Sources */ = {isa = PBXBuildFile; fileRef = 117249AA20B9CA76006AEDE2 /* AppDelegate.swift */; };
		117249AD20B9CA76006AEDE2 /* ReceivingVC.swift in Sources */ = {isa = PBXBuildFile; fileRef = 117249AC20B9CA76006AEDE2 /* ReceivingVC.swift */; };
		117249B020B9CA76006AEDE2 /* Main.storyboard in Resources */ = {isa = PBXBuildFile; fileRef = 117249AE20B9CA76006AEDE2 /* Main.storyboard */; };
		117249B220B9CA78006AEDE2 /* Assets.xcassets in Resources */ = {isa = PBXBuildFile; fileRef = 117249B120B9CA78006AEDE2 /* Assets.xcassets */; };
		117249B520B9CA78006AEDE2 /* LaunchScreen.storyboard in Resources */ = {isa = PBXBuildFile; fileRef = 117249B320B9CA78006AEDE2 /* LaunchScreen.storyboard */; };
		117249BD20B9CB67006AEDE2 /* SendingVC.swift in Sources */ = {isa = PBXBuildFile; fileRef = 117249BC20B9CB67006AEDE2 /* SendingVC.swift */; };
/* End PBXBuildFile section */

/* Begin PBXFileReference section */
		117249A720B9CA76006AEDE2 /* DelegateTutorial.app */ = {isa = PBXFileReference; explicitFileType = wrapper.application; includeInIndex = 0; path = DelegateTutorial.app; sourceTree = BUILT_PRODUCTS_DIR; };
		117249AA20B9CA76006AEDE2 /* AppDelegate.swift */ = {isa = PBXFileReference; lastKnownFileType = sourcecode.swift; path = AppDelegate.swift; sourceTree = "<group>"; };
		117249AC20B9CA76006AEDE2 /* ReceivingVC.swift */ = {isa = PBXFileReference; lastKnownFileType = sourcecode.swift; path = ReceivingVC.swift; sourceTree = "<group>"; };
		117249AF20B9CA76006AEDE2 /* Base */ = {isa = PBXFileReference; lastKnownFileType = file.storyboard; name = Base; path = Base.lproj/Main.storyboard; sourceTree = "<group>"; };
		117249B120B9CA78006AEDE2 /* Assets.xcassets */ = {isa = PBXFileReference; lastKnownFileType = folder.assetcatalog; path = Assets.xcassets; sourceTree = "<group>"; };
		117249B420B9CA78006AEDE2 /* Base */ = {isa = PBXFileReference; lastKnownFileType = file.storyboard; name = Base; path = Base.lproj/LaunchScreen.storyboard; sourceTree = "<group>"; };
		117249B620B9CA78006AEDE2 /* Info.plist */ = {isa = PBXFileReference; lastKnownFileType = text.plist.xml; path = Info.plist; sourceTree = "<group>"; };
		117249BC20B9CB67006AEDE2 /* SendingVC.swift */ = {isa = PBXFileReference; lastKnownFileType = sourcecode.swift; path = SendingVC.swift; sourceTree = "<group>"; };
/* End PBXFileReference section */

/* Begin PBXFrameworksBuildPhase section */
		117249A420B9CA76006AEDE2 /* Frameworks */ = {
			isa = PBXFrameworksBuildPhase;
			buildActionMask = 2147483647;
			files = (
			);
			runOnlyForDeploymentPostprocessing = 0;
		};
/* End PBXFrameworksBuildPhase section */

/* Begin PBXGroup section */
		1172499E20B9CA76006AEDE2 = {
			isa = PBXGroup;
			children = (
				117249A920B9CA76006AEDE2 /* DelegateTutorial */,
				117249A820B9CA76006AEDE2 /* Products */,
			);
			sourceTree = "<group>";
		};
		117249A820B9CA76006AEDE2 /* Products */ = {
			isa = PBXGroup;
			children = (
				117249A720B9CA76006AEDE2 /* DelegateTutorial.app */,
			);
			name = Products;
			sourceTree = "<group>";
		};
		117249A920B9CA76006AEDE2 /* DelegateTutorial */ = {
			isa = PBXGroup;
			children = (
				117249AA20B9CA76006AEDE2 /* AppDelegate.swift */,
				117249AC20B9CA76006AEDE2 /* ReceivingVC.swift */,
				117249AE20B9CA76006AEDE2 /* Main.storyboard */,
				117249BC20B9CB67006AEDE2 /* SendingVC.swift */,
				117249B120B9CA78006AEDE2 /* Assets.xcassets */,
				117249B320B9CA78006AEDE2 /* LaunchScreen.storyboard */,
				117249B620B9CA78006AEDE2 /* Info.plist */,
			);
			path = DelegateTutorial;
			sourceTree = "<group>";
		};
/* End PBXGroup section */

/* Begin PBXNativeTarget section */
		117249A620B9CA76006AEDE2 /* DelegateTutorial */ = {
			isa = PBXNativeTarget;
			buildConfigurationList = 117249B920B9CA78006AEDE2 /* Build configuration list for PBXNativeTarget "DelegateTutorial" */;
			buildPhases = (
				117249A320B9CA76006AEDE2 /* Sources */,
				117249A420B9CA76006AEDE2 /* Frameworks */,
				117249A520B9CA76006AEDE2 /* Resources */,
			);
			buildRules = (
			);
			dependencies = (
			);
			name = DelegateTutorial;
			productName = DelegateTutorial;
			productReference = 117249A720B9CA76006AEDE2 /* DelegateTutorial.app */;
			productType = "com.apple.product-type.application";
		};
/* End PBXNativeTarget section */

/* Begin PBXProject section */
		1172499F20B9CA76006AEDE2 /* Project object */ = {
			isa = PBXProject;
			attributes = {
				LastSwiftUpdateCheck = 0930;
				LastUpgradeCheck = 0930;
				ORGANIZATIONNAME = fahri;
				TargetAttributes = {
					117249A620B9CA76006AEDE2 = {
						CreatedOnToolsVersion = 9.3.1;
					};
				};
			};
			buildConfigurationList = 117249A220B9CA76006AEDE2 /* Build configuration list for PBXProject "DelegateTutorial" */;
			compatibilityVersion = "Xcode 9.3";
			developmentRegion = en;
			hasScannedForEncodings = 0;
			knownRegions = (
				en,
				Base,
			);
			mainGroup = 1172499E20B9CA76006AEDE2;
			productRefGroup = 117249A820B9CA76006AEDE2 /* Products */;
			projectDirPath = "";
			projectRoot = "";
			targets = (
				117249A620B9CA76006AEDE2 /* DelegateTutorial */,
			);
		};
/* End PBXProject section */

/* Begin PBXResourcesBuildPhase section */
		117249A520B9CA76006AEDE2 /* Resources */ = {
			isa = PBXResourcesBuildPhase;
			buildActionMask = 2147483647;
			files = (
				117249B520B9CA78006AEDE2 /* LaunchScreen.storyboard in Resources */,
				117249B220B9CA78006AEDE2 /* Assets.xcassets in Resources */,
				117249B020B9CA76006AEDE2 /* Main.storyboard in Resources */,
			);
			runOnlyForDeploymentPostprocessing = 0;
		};
/* End PBXResourcesBuildPhase section */

/* Begin PBXSourcesBuildPhase section */
		117249A320B9CA76006AEDE2 /* Sources */ = {
			isa = PBXSourcesBuildPhase;
			buildActionMask = 2147483647;
			files = (
				117249AD20B9CA76006AEDE2 /* ReceivingVC.swift in Sources */,
				117249BD20B9CB67006AEDE2 /* SendingVC.swift in Sources */,
				117249AB20B9CA76006AEDE2 /* AppDelegate.swift in Sources */,
			);
			runOnlyForDeploymentPostprocessing = 0;
		};
/* End PBXSourcesBuildPhase section */

/* Begin PBXVariantGroup section */
		117249AE20B9CA76006AEDE2 /* Main.storyboard */ = {
			isa = PBXVariantGroup;
			children = (
				117249AF20B9CA76006AEDE2 /* Base */,
			);
			name = Main.storyboard;
			sourceTree = "<group>";
		};
		117249B320B9CA78006AEDE2 /* LaunchScreen.storyboard */ = {
			isa = PBXVariantGroup;
			children = (
				117249B420B9CA78006AEDE2 /* Base */,
			);
			name = LaunchScreen.storyboard;
			sourceTree = "<group>";
		};
/* End PBXVariantGroup section */

/* Begin XCBuildConfiguration section */
		117249B720B9CA78006AEDE2 /* Debug */ = {
			isa = XCBuildConfiguration;
			buildSettings = {
				ALWAYS_SEARCH_USER_PATHS = NO;
				CLANG_ANALYZER_NONNULL = YES;
				CLANG_ANALYZER_NUMBER_OBJECT_CONVERSION = YES_AGGRESSIVE;
				CLANG_CXX_LANGUAGE_STANDARD = "gnu++14";
				CLANG_CXX_LIBRARY = "libc++";
				CLANG_ENABLE_MODULES = YES;
				CLANG_ENABLE_OBJC_ARC = YES;
				CLANG_ENABLE_OBJC_WEAK = YES;
				CLANG_WARN_BLOCK_CAPTURE_AUTORELEASING = YES;
				CLANG_WARN_BOOL_CONVERSION = YES;
				CLANG_WARN_COMMA = YES;
				CLANG_WARN_CONSTANT_CONVERSION = YES;
				CLANG_WARN_DEPRECATED_OBJC_IMPLEMENTATIONS = YES;
				CLANG_WARN_DIRECT_OBJC_ISA_USAGE = YES_ERROR;
				CLANG_WARN_DOCUMENTATION_COMMENTS = YES;
				CLANG_WARN_EMPTY_BODY = YES;
				CLANG_WARN_ENUM_CONVERSION = YES;
				CLANG_WARN_INFINITE_RECURSION = YES;
				CLANG_WARN_INT_CONVERSION = YES;
				CLANG_WARN_NON_LITERAL_NULL_CONVERSION = YES;
				CLANG_WARN_OBJC_IMPLICIT_RETAIN_SELF = YES;
				CLANG_WARN_OBJC_LITERAL_CONVERSION = YES;
				CLANG_WARN_OBJC_ROOT_CLASS = YES_ERROR;
				CLANG_WARN_RANGE_LOOP_ANALYSIS = YES;
				CLANG_WARN_STRICT_PROTOTYPES = YES;
				CLANG_WARN_SUSPICIOUS_MOVE = YES;
				CLANG_WARN_UNGUARDED_AVAILABILITY = YES_AGGRESSIVE;
				CLANG_WARN_UNREACHABLE_CODE = YES;
				CLANG_WARN__DUPLICATE_METHOD_MATCH = YES;
				CODE_SIGN_IDENTITY = "iPhone Developer";
				COPY_PHASE_STRIP = NO;
				DEBUG_INFORMATION_FORMAT = dwarf;
				ENABLE_STRICT_OBJC_MSGSEND = YES;
				ENABLE_TESTABILITY = YES;
				GCC_C_LANGUAGE_STANDARD = gnu11;
				GCC_DYNAMIC_NO_PIC = NO;
				GCC_NO_COMMON_BLOCKS = YES;
				GCC_OPTIMIZATION_LEVEL = 0;
				GCC_PREPROCESSOR_DEFINITIONS = (
					"DEBUG=1",
					"$(inherited)",
				);
				GCC_WARN_64_TO_32_BIT_CONVERSION = YES;
				GCC_WARN_ABOUT_RETURN_TYPE = YES_ERROR;
				GCC_WARN_UNDECLARED_SELECTOR = YES;
				GCC_WARN_UNINITIALIZED_AUTOS = YES_AGGRESSIVE;
				GCC_WARN_UNUSED_FUNCTION = YES;
				GCC_WARN_UNUSED_VARIABLE = YES;
				IPHONEOS_DEPLOYMENT_TARGET = 11.3;
				MTL_ENABLE_DEBUG_INFO = YES;
				ONLY_ACTIVE_ARCH = YES;
				SDKROOT = iphoneos;
				SWIFT_ACTIVE_COMPILATION_CONDITIONS = DEBUG;
				SWIFT_OPTIMIZATION_LEVEL = "-Onone";
			};
			name = Debug;
		};
		117249B820B9CA78006AEDE2 /* Release */ = {
			isa = XCBuildConfiguration;
			buildSettings = {
				ALWAYS_SEARCH_USER_PATHS = NO;
				CLANG_ANALYZER_NONNULL = YES;
				CLANG_ANALYZER_NUMBER_OBJECT_CONVERSION = YES_AGGRESSIVE;
				CLANG_CXX_LANGUAGE_STANDARD = "gnu++14";
				CLANG_CXX_LIBRARY = "libc++";
				CLANG_ENABLE_MODULES = YES;
				CLANG_ENABLE_OBJC_ARC = YES;
				CLANG_ENABLE_OBJC_WEAK = YES;
				CLANG_WARN_BLOCK_CAPTURE_AUTORELEASING = YES;
				CLANG_WARN_BOOL_CONVERSION = YES;
				CLANG_WARN_COMMA = YES;
				CLANG_WARN_CONSTANT_CONVERSION = YES;
				CLANG_WARN_DEPRECATED_OBJC_IMPLEMENTATIONS = YES;
				CLANG_WARN_DIRECT_OBJC_ISA_USAGE = YES_ERROR;
				CLANG_WARN_DOCUMENTATION_COMMENTS = YES;
				CLANG_WARN_EMPTY_BODY = YES;
				CLANG_WARN_ENUM_CONVERSION = YES;
				CLANG_WARN_INFINITE_RECURSION = YES;
				CLANG_WARN_INT_CONVERSION = YES;
				CLANG_WARN_NON_LITERAL_NULL_CONVERSION = YES;
				CLANG_WARN_OBJC_IMPLICIT_RETAIN_SELF = YES;
				CLANG_WARN_OBJC_LITERAL_CONVERSION = YES;
				CLANG_WARN_OBJC_ROOT_CLASS = YES_ERROR;
				CLANG_WARN_RANGE_LOOP_ANALYSIS = YES;
				CLANG_WARN_STRICT_PROTOTYPES = YES;
				CLANG_WARN_SUSPICIOUS_MOVE = YES;
				CLANG_WARN_UNGUARDED_AVAILABILITY = YES_AGGRESSIVE;
				CLANG_WARN_UNREACHABLE_CODE = YES;
				CLANG_WARN__DUPLICATE_METHOD_MATCH = YES;
				CODE_SIGN_IDENTITY = "iPhone Developer";
				COPY_PHASE_STRIP = NO;
				DEBUG_INFORMATION_FORMAT = "dwarf-with-dsym";
				ENABLE_NS_ASSERTIONS = NO;
				ENABLE_STRICT_OBJC_MSGSEND = YES;
				GCC_C_LANGUAGE_STANDARD = gnu11;
				GCC_NO_COMMON_BLOCKS = YES;
				GCC_WARN_64_TO_32_BIT_CONVERSION = YES;
				GCC_WARN_ABOUT_RETURN_TYPE = YES_ERROR;
				GCC_WARN_UNDECLARED_SELECTOR = YES;
				GCC_WARN_UNINITIALIZED_AUTOS = YES_AGGRESSIVE;
				GCC_WARN_UNUSED_FUNCTION = YES;
				GCC_WARN_UNUSED_VARIABLE = YES;
				IPHONEOS_DEPLOYMENT_TARGET = 11.3;
				MTL_ENABLE_DEBUG_INFO = NO;
				SDKROOT = iphoneos;
				SWIFT_COMPILATION_MODE = wholemodule;
				SWIFT_OPTIMIZATION_LEVEL = "-O";
				VALIDATE_PRODUCT = YES;
			};
			name = Release;
		};
		117249BA20B9CA78006AEDE2 /* Debug */ = {
			isa = XCBuildConfiguration;
			buildSettings = {
				ASSETCATALOG_COMPILER_APPICON_NAME = AppIcon;
				CODE_SIGN_STYLE = Automatic;
				INFOPLIST_FILE = DelegateTutorial/Info.plist;
				LD_RUNPATH_SEARCH_PATHS = (
					"$(inherited)",
					"@executable_path/Frameworks",
				);
				PRODUCT_BUNDLE_IDENTIFIER = at.fahri.DelegateTutorial;
				PRODUCT_NAME = "$(TARGET_NAME)";
				SWIFT_VERSION = 4.0;
				TARGETED_DEVICE_FAMILY = "1,2";
			};
			name = Debug;
		};
		117249BB20B9CA78006AEDE2 /* Release */ = {
			isa = XCBuildConfiguration;
			buildSettings = {
				ASSETCATALOG_COMPILER_APPICON_NAME = AppIcon;
				CODE_SIGN_STYLE = Automatic;
				INFOPLIST_FILE = DelegateTutorial/Info.plist;
				LD_RUNPATH_SEARCH_PATHS = (
					"$(inherited)",
					"@executable_path/Frameworks",
				);
				PRODUCT_BUNDLE_IDENTIFIER = at.fahri.DelegateTutorial;
				PRODUCT_NAME = "$(TARGET_NAME)";
				SWIFT_VERSION = 4.0;
				TARGETED_DEVICE_FAMILY = "1,2";
			};
			name = Release;
		};
/* End XCBuildConfiguration section */

/* Begin XCConfigurationList section */
		117249A220B9CA76006AEDE2 /* Build configuration list for PBXProject "DelegateTutorial" */ = {
			isa = XCConfigurationList;
			buildConfigurations = (
				117249B720B9CA78006AEDE2 /* Debug */,
				117249B820B9CA78006AEDE2 /* Release */,
			);
			defaultConfigurationIsVisible = 0;
			defaultConfigurationName = Release;
		};
		117249B920B9CA78006AEDE2 /* Build configuration list for PBXNativeTarget "DelegateTutorial" */ = {
			isa = XCConfigurationList;
			buildConfigurations = (
				117249BA20B9CA78006AEDE2 /* Debug */,
				117249BB20B9CA78006AEDE2 /* Release */,
			);
			defaultConfigurationIsVisible = 0;
			defaultConfigurationName = Release;
		};
/* End XCConfigurationList section */
	};
	rootObject = 1172499F20B9CA76006AEDE2 /* Project object */;
}
